# This file is generated by running "yarn install" inside your project.
# Manual changes might be lost - proceed with caution!

__metadata:
  version: 4

"some-random-package-name@link:./test::locator=yarn-interactive-link-repro%40workspace%3A.":
  version: 0.0.0-use.local
  resolution: "some-random-package-name@link:./test::locator=yarn-interactive-link-repro%40workspace%3A."
  languageName: node
  linkType: soft

"some-random-package-name@workspace:test":
  version: 0.0.0-use.local
  resolution: "some-random-package-name@workspace:test"
  languageName: unknown
  linkType: soft

"yarn-interactive-link-repro@workspace:.":
  version: 0.0.0-use.local
  resolution: "yarn-interactive-link-repro@workspace:."
  dependencies:
    some-random-package-name: "link:./test"
  languageName: unknown
  linkType: soft
